
Microsoft Visual Studio Solution File, Format Version 12.00
# Visual Studio 14
VisualStudioVersion = 14.0.25420.1
MinimumVisualStudioVersion = 10.0.40219.1
Project("{E24C65DC-7377-472B-9ABA-BC803B73C61A}") = "community", "..\..\WebSites\community\", "{7A86B7F3-D0BF-4C58-B4A4-751CBA730880}"
	ProjectSection(WebsiteProperties) = preProject
		TargetFrameworkMoniker = ".NETFramework,Version%3Dv4.5.2"
		Debug.AspNetCompiler.VirtualPath = "/localhost_8742"
		Debug.AspNetCompiler.PhysicalPath = "..\..\WebSites\community\"
		Debug.AspNetCompiler.TargetPath = "PrecompiledWeb\localhost_8742\"
		Debug.AspNetCompiler.Updateable = "true"
		Debug.AspNetCompiler.ForceOverwrite = "true"
		Debug.AspNetCompiler.FixedNames = "false"
		Debug.AspNetCompiler.Debug = "True"
		Release.AspNetCompiler.VirtualPath = "/localhost_8742"
		Release.AspNetCompiler.PhysicalPath = "..\..\WebSites\community\"
		Release.AspNetCompiler.TargetPath = "PrecompiledWeb\localhost_8742\"
		Release.AspNetCompiler.Updateable = "true"
		Release.AspNetCompiler.ForceOverwrite = "true"
		Release.AspNetCompiler.FixedNames = "false"
		Release.AspNetCompiler.Debug = "False"
		VWDPort = "8742"
		SlnRelativePath = "..\..\WebSites\community\"
		DefaultWebSiteLanguage = "Visual C#"
	EndProjectSection
EndProject
Global
	GlobalSection(SolutionConfigurationPlatforms) = preSolution
		Debug|Any CPU = Debug|Any CPU
	EndGlobalSection
	GlobalSection(ProjectConfigurationPlatforms) = postSolution
		{7A86B7F3-D0BF-4C58-B4A4-751CBA730880}.Debug|Any CPU.ActiveCfg = Debug|Any CPU
		{7A86B7F3-D0BF-4C58-B4A4-751CBA730880}.Debug|Any CPU.Build.0 = Debug|Any CPU
	EndGlobalSection
	GlobalSection(SolutionProperties) = preSolution
		HideSolutionNode = FALSE
	EndGlobalSection
EndGlobal
