
Microsoft Visual Studio Solution File, Format Version 12.00
# Visual Studio 14
VisualStudioVersion = 14.0.25420.1
MinimumVisualStudioVersion = 10.0.40219.1
Project("{E24C65DC-7377-472B-9ABA-BC803B73C61A}") = "WFC_Service", "..\..\WebSites\WFC_Service\", "{684209C0-DC34-4A06-B6CE-E31C9A89D8B6}"
	ProjectSection(WebsiteProperties) = preProject
		TargetFrameworkMoniker = ".NETFramework,Version%3Dv4.5.2"
		Debug.AspNetCompiler.VirtualPath = "/localhost_11372"
		Debug.AspNetCompiler.PhysicalPath = "..\..\WebSites\WFC_Service\"
		Debug.AspNetCompiler.TargetPath = "PrecompiledWeb\localhost_11372\"
		Debug.AspNetCompiler.Updateable = "true"
		Debug.AspNetCompiler.ForceOverwrite = "true"
		Debug.AspNetCompiler.FixedNames = "false"
		Debug.AspNetCompiler.Debug = "True"
		Release.AspNetCompiler.VirtualPath = "/localhost_11372"
		Release.AspNetCompiler.PhysicalPath = "..\..\WebSites\WFC_Service\"
		Release.AspNetCompiler.TargetPath = "PrecompiledWeb\localhost_11372\"
		Release.AspNetCompiler.Updateable = "true"
		Release.AspNetCompiler.ForceOverwrite = "true"
		Release.AspNetCompiler.FixedNames = "false"
		Release.AspNetCompiler.Debug = "False"
		VWDPort = "11372"
		SlnRelativePath = "..\..\WebSites\WFC_Service\"
		DefaultWebSiteLanguage = "Visual C#"
	EndProjectSection
EndProject
Global
	GlobalSection(SolutionConfigurationPlatforms) = preSolution
		Debug|Any CPU = Debug|Any CPU
	EndGlobalSection
	GlobalSection(ProjectConfigurationPlatforms) = postSolution
		{684209C0-DC34-4A06-B6CE-E31C9A89D8B6}.Debug|Any CPU.ActiveCfg = Debug|Any CPU
		{684209C0-DC34-4A06-B6CE-E31C9A89D8B6}.Debug|Any CPU.Build.0 = Debug|Any CPU
	EndGlobalSection
	GlobalSection(SolutionProperties) = preSolution
		HideSolutionNode = FALSE
	EndGlobalSection
EndGlobal
